
Microsoft Visual Studio Solution File, Format Version 12.00
# Visual Studio Version 17
VisualStudioVersion = 17.9.34728.123
MinimumVisualStudioVersion = 10.0.40219.1
Project("{9A19103F-16F7-4668-BE54-9A1E7A4F7556}") = "LiesOfPRandomizer", "LiesOfPRandomizer\LiesOfPRandomizer.csproj", "{AE4A7C19-C87F-48D5-B65A-8A057CB2852D}"
EndProject
Project("{2150E333-8FDC-42A3-9474-1A3956D46DE8}") = "UAssetAPI", "UAssetAPI", "{0BB28637-977A-4E80-8C99-52DC3C0E5EF4}"
EndProject
Project("{FAE04EC0-301F-11D3-BF4B-00C04F79EFBC}") = "UAssetAPI", "UAssetAPI\UAssetAPI\UAssetAPI.csproj", "{178417EC-1177-413E-BE85-C83AECD64279}"
EndProject
Global
	GlobalSection(SolutionConfigurationPlatforms) = preSolution
		Debug|Any CPU = Debug|Any CPU
		Release|Any CPU = Release|Any CPU
	EndGlobalSection
	GlobalSection(ProjectConfigurationPlatforms) = postSolution
		{AE4A7C19-C87F-48D5-B65A-8A057CB2852D}.Debug|Any CPU.ActiveCfg = Debug|Any CPU
		{AE4A7C19-C87F-48D5-B65A-8A057CB2852D}.Debug|Any CPU.Build.0 = Debug|Any CPU
		{AE4A7C19-C87F-48D5-B65A-8A057CB2852D}.Release|Any CPU.ActiveCfg = Release|Any CPU
		{AE4A7C19-C87F-48D5-B65A-8A057CB2852D}.Release|Any CPU.Build.0 = Release|Any CPU
		{178417EC-1177-413E-BE85-C83AECD64279}.Debug|Any CPU.ActiveCfg = Debug|Any CPU
		{178417EC-1177-413E-BE85-C83AECD64279}.Debug|Any CPU.Build.0 = Debug|Any CPU
		{178417EC-1177-413E-BE85-C83AECD64279}.Release|Any CPU.ActiveCfg = Release|Any CPU
		{178417EC-1177-413E-BE85-C83AECD64279}.Release|Any CPU.Build.0 = Release|Any CPU
	EndGlobalSection
	GlobalSection(SolutionProperties) = preSolution
		HideSolutionNode = FALSE
	EndGlobalSection
	GlobalSection(ExtensibilityGlobals) = postSolution
		SolutionGuid = {BAF676FA-3D1D-4ABF-A1E4-790148B2A13B}
	EndGlobalSection
	GlobalSection(NestedProjects) = preSolution
		{178417EC-1177-413E-BE85-C83AECD64279} = {0BB28637-977A-4E80-8C99-52DC3C0E5EF4}
	EndGlobalSection
EndGlobal
