
Microsoft Visual Studio Solution File, Format Version 12.00
# Visual Studio Version 17
VisualStudioVersion = 17.9.34728.123
MinimumVisualStudioVersion = 10.0.40219.1
Project("{9A19103F-16F7-4668-BE54-9A1E7A4F7556}") = "LiesOfPRandomizer", "UAssetAPITest\LiesOfPRandomizer.csproj", "{AE4A7C19-C87F-48D5-B65A-8A057CB2852D}"
EndProject
Global
	GlobalSection(SolutionConfigurationPlatforms) = preSolution
		Debug|Any CPU = Debug|Any CPU
		Release|Any CPU = Release|Any CPU
	EndGlobalSection
	GlobalSection(ProjectConfigurationPlatforms) = postSolution
		{AE4A7C19-C87F-48D5-B65A-8A057CB2852D}.Debug|Any CPU.ActiveCfg = Debug|Any CPU
		{AE4A7C19-C87F-48D5-B65A-8A057CB2852D}.Debug|Any CPU.Build.0 = Debug|Any CPU
		{AE4A7C19-C87F-48D5-B65A-8A057CB2852D}.Release|Any CPU.ActiveCfg = Release|Any CPU
		{AE4A7C19-C87F-48D5-B65A-8A057CB2852D}.Release|Any CPU.Build.0 = Release|Any CPU
	EndGlobalSection
	GlobalSection(SolutionProperties) = preSolution
		HideSolutionNode = FALSE
	EndGlobalSection
	GlobalSection(ExtensibilityGlobals) = postSolution
		SolutionGuid = {BAF676FA-3D1D-4ABF-A1E4-790148B2A13B}
	EndGlobalSection
EndGlobal
